// !$*UTF8*$!
{
	archiveVersion = 1;
	classes = {
	};
	objectVersion = 56;
	objects = {

/* Begin PBXBuildFile section */
		DE20635B2B5E5AC700D8E12F /* README.md in Resources */ = {isa = PBXBuildFile; fileRef = DE20635A2B5E5AC700D8E12F /* README.md */; };
		DE2BE7EA2B7A8F870047C5D5 /* gmouseevent.h in Headers */ = {isa = PBXBuildFile; fileRef = DE2BE7E62B7A8F870047C5D5 /* gmouseevent.h */; settings = {ATTRIBUTES = (Public, ); }; };
		DE2BE7EB2B7A8F870047C5D5 /* gmouseevent.cpp in Sources */ = {isa = PBXBuildFile; fileRef = DE2BE7E72B7A8F870047C5D5 /* gmouseevent.cpp */; };
		DE2BE7EC2B7A8F870047C5D5 /* gkeyboardevent.cpp in Sources */ = {isa = PBXBuildFile; fileRef = DE2BE7E82B7A8F870047C5D5 /* gkeyboardevent.cpp */; };
		DE2BE7ED2B7A8F870047C5D5 /* gkeyboardevent.h in Headers */ = {isa = PBXBuildFile; fileRef = DE2BE7E92B7A8F870047C5D5 /* gkeyboardevent.h */; settings = {ATTRIBUTES = (Public, ); }; };
		DE2BE7F12B7AB3E20047C5D5 /* gviewport.cpp in Sources */ = {isa = PBXBuildFile; fileRef = DE2BE7EF2B7AB3E20047C5D5 /* gviewport.cpp */; };
		DE2BE7F22B7AB3E20047C5D5 /* gviewport.h in Headers */ = {isa = PBXBuildFile; fileRef = DE2BE7F02B7AB3E20047C5D5 /* gviewport.h */; settings = {ATTRIBUTES = (Public, ); }; };
		DE2BE7F52B7ABECA0047C5D5 /* gsystemlayer.cpp in Sources */ = {isa = PBXBuildFile; fileRef = DE2BE7F32B7ABECA0047C5D5 /* gsystemlayer.cpp */; };
		DE2BE7F62B7ABECA0047C5D5 /* gsystemlayer.h in Headers */ = {isa = PBXBuildFile; fileRef = DE2BE7F42B7ABECA0047C5D5 /* gsystemlayer.h */; settings = {ATTRIBUTES = (Public, ); }; };
		DE2BE7F92B7AC5530047C5D5 /* gvulkanlayer.cpp in Sources */ = {isa = PBXBuildFile; fileRef = DE2BE7F72B7AC5530047C5D5 /* gvulkanlayer.cpp */; };
		DE2BE7FA2B7AC5530047C5D5 /* gvulkanlayer.h in Headers */ = {isa = PBXBuildFile; fileRef = DE2BE7F82B7AC5530047C5D5 /* gvulkanlayer.h */; settings = {ATTRIBUTES = (Public, ); }; };
		DE2BE7FD2B7AC5FF0047C5D5 /* gupdateprojectionevent.cpp in Sources */ = {isa = PBXBuildFile; fileRef = DE2BE7FB2B7AC5FF0047C5D5 /* gupdateprojectionevent.cpp */; };
		DE2BE7FE2B7AC5FF0047C5D5 /* gupdateprojectionevent.h in Headers */ = {isa = PBXBuildFile; fileRef = DE2BE7FC2B7AC5FF0047C5D5 /* gupdateprojectionevent.h */; settings = {ATTRIBUTES = (Public, ); }; };
		DE2BE8012B7AC75D0047C5D5 /* gcameradata.cpp in Sources */ = {isa = PBXBuildFile; fileRef = DE2BE7FF2B7AC75D0047C5D5 /* gcameradata.cpp */; };
		DE2BE8022B7AC75D0047C5D5 /* gcameradata.h in Headers */ = {isa = PBXBuildFile; fileRef = DE2BE8002B7AC75D0047C5D5 /* gcameradata.h */; };
		DE2BE8062B7D5A9B0047C5D5 /* gupdateviewportevent.cpp in Sources */ = {isa = PBXBuildFile; fileRef = DE2BE8042B7D5A9B0047C5D5 /* gupdateviewportevent.cpp */; };
		DE2BE8072B7D5A9B0047C5D5 /* gupdateviewportevent.h in Headers */ = {isa = PBXBuildFile; fileRef = DE2BE8052B7D5A9B0047C5D5 /* gupdateviewportevent.h */; settings = {ATTRIBUTES = (Public, ); }; };
		DE2BE80A2B7D5D980047C5D5 /* geventsservice.cpp in Sources */ = {isa = PBXBuildFile; fileRef = DE2BE8082B7D5D980047C5D5 /* geventsservice.cpp */; };
		DE2BE80B2B7D5D980047C5D5 /* geventsservice.h in Headers */ = {isa = PBXBuildFile; fileRef = DE2BE8092B7D5D980047C5D5 /* geventsservice.h */; settings = {ATTRIBUTES = (Public, ); }; };
		DE2BE80E2B7D62090047C5D5 /* geventshell.cpp in Sources */ = {isa = PBXBuildFile; fileRef = DE2BE80C2B7D62090047C5D5 /* geventshell.cpp */; };
		DE2BE80F2B7D62090047C5D5 /* geventshell.h in Headers */ = {isa = PBXBuildFile; fileRef = DE2BE80D2B7D62090047C5D5 /* geventshell.h */; settings = {ATTRIBUTES = (Public, ); }; };
		DE69D20F2B4BFAA6002D28E2 /* ggraphnode.cpp in Sources */ = {isa = PBXBuildFile; fileRef = DE69D20D2B4BFAA6002D28E2 /* ggraphnode.cpp */; };
		DE69D2102B4BFAA6002D28E2 /* ggraphnode.h in Headers */ = {isa = PBXBuildFile; fileRef = DE69D20E2B4BFAA6002D28E2 /* ggraphnode.h */; settings = {ATTRIBUTES = (Public, ); }; };
		DE69D2132B4BFABB002D28E2 /* gmesh.cpp in Sources */ = {isa = PBXBuildFile; fileRef = DE69D2112B4BFABB002D28E2 /* gmesh.cpp */; };
		DE69D2142B4BFABB002D28E2 /* gmesh.h in Headers */ = {isa = PBXBuildFile; fileRef = DE69D2122B4BFABB002D28E2 /* gmesh.h */; settings = {ATTRIBUTES = (Public, ); }; };
		DE69D2172B4BFC3E002D28E2 /* gspritemesh.cpp in Sources */ = {isa = PBXBuildFile; fileRef = DE69D2152B4BFC3E002D28E2 /* gspritemesh.cpp */; };
		DE69D2182B4BFC3E002D28E2 /* gspritemesh.h in Headers */ = {isa = PBXBuildFile; fileRef = DE69D2162B4BFC3E002D28E2 /* gspritemesh.h */; settings = {ATTRIBUTES = (Public, ); }; };
		DE6C59F72B7541C500795843 /* glayer.cpp in Sources */ = {isa = PBXBuildFile; fileRef = DE6C59F52B7541C500795843 /* glayer.cpp */; };
		DE6C59F82B7541C500795843 /* glayer.h in Headers */ = {isa = PBXBuildFile; fileRef = DE6C59F62B7541C500795843 /* glayer.h */; settings = {ATTRIBUTES = (Public, ); }; };
		DE6C59FB2B7542A400795843 /* glayersservice.cpp in Sources */ = {isa = PBXBuildFile; fileRef = DE6C59F92B7542A400795843 /* glayersservice.cpp */; };
		DE6C59FC2B7542A400795843 /* glayersservice.h in Headers */ = {isa = PBXBuildFile; fileRef = DE6C59FA2B7542A400795843 /* glayersservice.h */; settings = {ATTRIBUTES = (Public, ); }; };
		DE6C5ACB2B757A6100795843 /* gapplication.cpp in Sources */ = {isa = PBXBuildFile; fileRef = DE6C5AC92B757A6100795843 /* gapplication.cpp */; };
		DE6C5ACC2B757A6100795843 /* gapplication.h in Headers */ = {isa = PBXBuildFile; fileRef = DE6C5ACA2B757A6100795843 /* gapplication.h */; settings = {ATTRIBUTES = (Public, ); }; };
		DE7DD1622B5A8A6E00E22894 /* gcommandservice.cpp in Sources */ = {isa = PBXBuildFile; fileRef = DE7DD1602B5A8A6E00E22894 /* gcommandservice.cpp */; };
		DE7DD1632B5A8A6E00E22894 /* gcommandservice.h in Headers */ = {isa = PBXBuildFile; fileRef = DE7DD1612B5A8A6E00E22894 /* gcommandservice.h */; settings = {ATTRIBUTES = (Public, ); }; };
		DE9D0CA12B4A14D500EA0B7C /* gvulkanpipeline.h in Headers */ = {isa = PBXBuildFile; fileRef = DE9D0C722B4A14D400EA0B7C /* gvulkanpipeline.h */; settings = {ATTRIBUTES = (Public, ); }; };
		DE9D0CA22B4A14D500EA0B7C /* gvulkantools.cpp in Sources */ = {isa = PBXBuildFile; fileRef = DE9D0C732B4A14D400EA0B7C /* gvulkantools.cpp */; };
		DE9D0CA32B4A14D500EA0B7C /* gpoint.h in Headers */ = {isa = PBXBuildFile; fileRef = DE9D0C742B4A14D400EA0B7C /* gpoint.h */; settings = {ATTRIBUTES = (Public, ); }; };
		DE9D0CA42B4A14D500EA0B7C /* grendergraph.h in Headers */ = {isa = PBXBuildFile; fileRef = DE9D0C752B4A14D400EA0B7C /* grendergraph.h */; settings = {ATTRIBUTES = (Public, ); }; };
		DE9D0CA52B4A14D500EA0B7C /* gvulkanimage.h in Headers */ = {isa = PBXBuildFile; fileRef = DE9D0C762B4A14D400EA0B7C /* gvulkanimage.h */; settings = {ATTRIBUTES = (Public, ); }; };
		DE9D0CA62B4A14D500EA0B7C /* gcamera.cpp in Sources */ = {isa = PBXBuildFile; fileRef = DE9D0C772B4A14D400EA0B7C /* gcamera.cpp */; };
		DE9D0CA72B4A14D500EA0B7C /* gquaternion.h in Headers */ = {isa = PBXBuildFile; fileRef = DE9D0C782B4A14D400EA0B7C /* gquaternion.h */; settings = {ATTRIBUTES = (Public, ); }; };
		DE9D0CA82B4A14D500EA0B7C /* gmatrix.h in Headers */ = {isa = PBXBuildFile; fileRef = DE9D0C792B4A14D400EA0B7C /* gmatrix.h */; settings = {ATTRIBUTES = (Public, ); }; };
		DE9D0CAA2B4A14D500EA0B7C /* gganesha.cpp in Sources */ = {isa = PBXBuildFile; fileRef = DE9D0C7B2B4A14D400EA0B7C /* gganesha.cpp */; };
		DE9D0CAB2B4A14D500EA0B7C /* grendergraph.cpp in Sources */ = {isa = PBXBuildFile; fileRef = DE9D0C7C2B4A14D400EA0B7C /* grendergraph.cpp */; };
		DE9D0CAD2B4A14D500EA0B7C /* gvector.cpp in Sources */ = {isa = PBXBuildFile; fileRef = DE9D0C7E2B4A14D400EA0B7C /* gvector.cpp */; };
		DE9D0CAE2B4A14D500EA0B7C /* gcamera.h in Headers */ = {isa = PBXBuildFile; fileRef = DE9D0C7F2B4A14D400EA0B7C /* gcamera.h */; settings = {ATTRIBUTES = (Public, ); }; };
		DE9D0CAF2B4A14D500EA0B7C /* ggraphicsapiprotocol.h in Headers */ = {isa = PBXBuildFile; fileRef = DE9D0C802B4A14D400EA0B7C /* ggraphicsapiprotocol.h */; settings = {ATTRIBUTES = (Public, ); }; };
		DE9D0CB02B4A14D500EA0B7C /* ganeshatypes.h in Headers */ = {isa = PBXBuildFile; fileRef = DE9D0C812B4A14D400EA0B7C /* ganeshatypes.h */; settings = {ATTRIBUTES = (Public, ); }; };
		DE9D0CB12B4A14D500EA0B7C /* gquaternion.cpp in Sources */ = {isa = PBXBuildFile; fileRef = DE9D0C822B4A14D400EA0B7C /* gquaternion.cpp */; };
		DE9D0CB22B4A14D500EA0B7C /* gcolor.h in Headers */ = {isa = PBXBuildFile; fileRef = DE9D0C832B4A14D400EA0B7C /* gcolor.h */; settings = {ATTRIBUTES = (Public, ); }; };
		DE9D0CB32B4A14D500EA0B7C /* glog.cpp in Sources */ = {isa = PBXBuildFile; fileRef = DE9D0C842B4A14D400EA0B7C /* glog.cpp */; };
		DE9D0CB42B4A14D500EA0B7C /* gtga.h in Headers */ = {isa = PBXBuildFile; fileRef = DE9D0C852B4A14D400EA0B7C /* gtga.h */; settings = {ATTRIBUTES = (Public, ); }; };
		DE9D0CB52B4A14D500EA0B7C /* gvector.h in Headers */ = {isa = PBXBuildFile; fileRef = DE9D0C862B4A14D400EA0B7C /* gvector.h */; settings = {ATTRIBUTES = (Public, ); }; };
		DE9D0CB62B4A14D500EA0B7C /* gvulkanbuffer.cpp in Sources */ = {isa = PBXBuildFile; fileRef = DE9D0C872B4A14D400EA0B7C /* gvulkanbuffer.cpp */; };
		DE9D0CB72B4A14D500EA0B7C /* gganesha.h in Headers */ = {isa = PBXBuildFile; fileRef = DE9D0C882B4A14D400EA0B7C /* gganesha.h */; settings = {ATTRIBUTES = (Public, ); }; };
		DE9D0CB92B4A14D500EA0B7C /* gpoint2d.cpp in Sources */ = {isa = PBXBuildFile; fileRef = DE9D0C8A2B4A14D400EA0B7C /* gpoint2d.cpp */; };
		DE9D0CBB2B4A14D500EA0B7C /* gvulkandevice.h in Headers */ = {isa = PBXBuildFile; fileRef = DE9D0C8C2B4A14D400EA0B7C /* gvulkandevice.h */; settings = {ATTRIBUTES = (Public, ); }; };
		DE9D0CBC2B4A14D500EA0B7C /* gvulkanapi.cpp in Sources */ = {isa = PBXBuildFile; fileRef = DE9D0C8D2B4A14D400EA0B7C /* gvulkanapi.cpp */; };
		DE9D0CBD2B4A14D500EA0B7C /* gvulkanapi.h in Headers */ = {isa = PBXBuildFile; fileRef = DE9D0C8E2B4A14D400EA0B7C /* gvulkanapi.h */; settings = {ATTRIBUTES = (Public, ); }; };
		DE9D0CBE2B4A14D500EA0B7C /* gvulkanbuffer.h in Headers */ = {isa = PBXBuildFile; fileRef = DE9D0C8F2B4A14D500EA0B7C /* gvulkanbuffer.h */; settings = {ATTRIBUTES = (Public, ); }; };
		DE9D0CBF2B4A14D500EA0B7C /* gpoint2d.h in Headers */ = {isa = PBXBuildFile; fileRef = DE9D0C902B4A14D500EA0B7C /* gpoint2d.h */; settings = {ATTRIBUTES = (Public, ); }; };
		DE9D0CC02B4A14D500EA0B7C /* gmatrix.cpp in Sources */ = {isa = PBXBuildFile; fileRef = DE9D0C912B4A14D500EA0B7C /* gmatrix.cpp */; };
		DE9D0CC12B4A14D500EA0B7C /* glog.h in Headers */ = {isa = PBXBuildFile; fileRef = DE9D0C922B4A14D500EA0B7C /* glog.h */; settings = {ATTRIBUTES = (Public, ); }; };
		DE9D0CC22B4A14D500EA0B7C /* ganesha.h in Headers */ = {isa = PBXBuildFile; fileRef = DE9D0C932B4A14D500EA0B7C /* ganesha.h */; settings = {ATTRIBUTES = (Public, ); }; };
		DE9D0CC32B4A14D500EA0B7C /* gvulkanpipeline.cpp in Sources */ = {isa = PBXBuildFile; fileRef = DE9D0C942B4A14D500EA0B7C /* gvulkanpipeline.cpp */; };
		DE9D0CC42B4A14D500EA0B7C /* gvulkantools.h in Headers */ = {isa = PBXBuildFile; fileRef = DE9D0C952B4A14D500EA0B7C /* gvulkantools.h */; settings = {ATTRIBUTES = (Public, ); }; };
		DE9D0CC52B4A14D500EA0B7C /* gvulkanimage.cpp in Sources */ = {isa = PBXBuildFile; fileRef = DE9D0C962B4A14D500EA0B7C /* gvulkanimage.cpp */; };
		DE9D0CC62B4A14D500EA0B7C /* gvulkandevice.cpp in Sources */ = {isa = PBXBuildFile; fileRef = DE9D0C972B4A14D500EA0B7C /* gvulkandevice.cpp */; };
		DE9D0CC72B4A14D500EA0B7C /* gvulkanswapchain.cpp in Sources */ = {isa = PBXBuildFile; fileRef = DE9D0C982B4A14D500EA0B7C /* gvulkanswapchain.cpp */; };
		DE9D0CC82B4A14D500EA0B7C /* gtga.cpp in Sources */ = {isa = PBXBuildFile; fileRef = DE9D0C992B4A14D500EA0B7C /* gtga.cpp */; };
		DE9D0CCB2B4A14D500EA0B7C /* gvulkaninstance.h in Headers */ = {isa = PBXBuildFile; fileRef = DE9D0C9C2B4A14D500EA0B7C /* gvulkaninstance.h */; settings = {ATTRIBUTES = (Public, ); }; };
		DE9D0CCC2B4A14D500EA0B7C /* gvulkanswapchain.h in Headers */ = {isa = PBXBuildFile; fileRef = DE9D0C9D2B4A14D500EA0B7C /* gvulkanswapchain.h */; settings = {ATTRIBUTES = (Public, ); }; };
		DE9D0CCD2B4A14D500EA0B7C /* gvulkaninstance.cpp in Sources */ = {isa = PBXBuildFile; fileRef = DE9D0C9E2B4A14D500EA0B7C /* gvulkaninstance.cpp */; };
		DE9D0CCE2B4A14D500EA0B7C /* gpoint.cpp in Sources */ = {isa = PBXBuildFile; fileRef = DE9D0C9F2B4A14D500EA0B7C /* gpoint.cpp */; };
		DE9D0CCF2B4A14D500EA0B7C /* gcolor.cpp in Sources */ = {isa = PBXBuildFile; fileRef = DE9D0CA02B4A14D500EA0B7C /* gcolor.cpp */; };
		DE9D0CD22B4A17E500EA0B7C /* vulkan.framework in Frameworks */ = {isa = PBXBuildFile; fileRef = DE9D0CD12B4A17E500EA0B7C /* vulkan.framework */; };
		DEBE14912B4DC2C5001EF6FB /* gmaterialsservice.cpp in Sources */ = {isa = PBXBuildFile; fileRef = DEBE148F2B4DC2C5001EF6FB /* gmaterialsservice.cpp */; };
		DEBE14922B4DC2C5001EF6FB /* gmaterialsservice.h in Headers */ = {isa = PBXBuildFile; fileRef = DEBE14902B4DC2C5001EF6FB /* gmaterialsservice.h */; settings = {ATTRIBUTES = (Public, ); }; };
		DEBE14952B51E548001EF6FB /* gganeshacontent.cpp in Sources */ = {isa = PBXBuildFile; fileRef = DEBE14932B51E548001EF6FB /* gganeshacontent.cpp */; };
		DEBE14962B51E548001EF6FB /* gganeshacontent.h in Headers */ = {isa = PBXBuildFile; fileRef = DEBE14942B51E548001EF6FB /* gganeshacontent.h */; settings = {ATTRIBUTES = (Public, ); }; };
		DEDD0F222B6AAE1D00F6F9B1 /* gevent.cpp in Sources */ = {isa = PBXBuildFile; fileRef = DEDD0F202B6AAE1D00F6F9B1 /* gevent.cpp */; };
		DEDD0F232B6AAE1D00F6F9B1 /* gevent.h in Headers */ = {isa = PBXBuildFile; fileRef = DEDD0F212B6AAE1D00F6F9B1 /* gevent.h */; settings = {ATTRIBUTES = (Public, ); }; };
		DEDD0F262B6AAF6C00F6F9B1 /* gwindowevent.cpp in Sources */ = {isa = PBXBuildFile; fileRef = DEDD0F242B6AAF6C00F6F9B1 /* gwindowevent.cpp */; };
		DEDD0F272B6AAF6D00F6F9B1 /* gwindowevent.h in Headers */ = {isa = PBXBuildFile; fileRef = DEDD0F252B6AAF6C00F6F9B1 /* gwindowevent.h */; settings = {ATTRIBUTES = (Public, ); }; };
		DEDF76782B58711000F569A7 /* gdescriptorsetservice.cpp in Sources */ = {isa = PBXBuildFile; fileRef = DEDF76762B58711000F569A7 /* gdescriptorsetservice.cpp */; };
		DEDF76792B58711000F569A7 /* gdescriptorsetservice.h in Headers */ = {isa = PBXBuildFile; fileRef = DEDF76772B58711000F569A7 /* gdescriptorsetservice.h */; settings = {ATTRIBUTES = (Public, ); }; };
		DEFDBCFB2B6C0569001EBFF6 /* gshadersservice.cpp in Sources */ = {isa = PBXBuildFile; fileRef = DEFDBCF92B6C0569001EBFF6 /* gshadersservice.cpp */; };
		DEFDBCFC2B6C0569001EBFF6 /* gshadersservice.h in Headers */ = {isa = PBXBuildFile; fileRef = DEFDBCFA2B6C0569001EBFF6 /* gshadersservice.h */; settings = {ATTRIBUTES = (Public, ); }; };
/* End PBXBuildFile section */

/* Begin PBXFileReference section */
		DE20635A2B5E5AC700D8E12F /* README.md */ = {isa = PBXFileReference; fileEncoding = 4; lastKnownFileType = net.daringfireball.markdown; path = README.md; sourceTree = "<group>"; };
		DE2BE7E62B7A8F870047C5D5 /* gmouseevent.h */ = {isa = PBXFileReference; fileEncoding = 4; lastKnownFileType = sourcecode.c.h; name = gmouseevent.h; path = ganesha/gmouseevent.h; sourceTree = "<group>"; };
		DE2BE7E72B7A8F870047C5D5 /* gmouseevent.cpp */ = {isa = PBXFileReference; fileEncoding = 4; lastKnownFileType = sourcecode.cpp.cpp; name = gmouseevent.cpp; path = ganesha/gmouseevent.cpp; sourceTree = "<group>"; };
		DE2BE7E82B7A8F870047C5D5 /* gkeyboardevent.cpp */ = {isa = PBXFileReference; fileEncoding = 4; lastKnownFileType = sourcecode.cpp.cpp; name = gkeyboardevent.cpp; path = ganesha/gkeyboardevent.cpp; sourceTree = "<group>"; };
		DE2BE7E92B7A8F870047C5D5 /* gkeyboardevent.h */ = {isa = PBXFileReference; fileEncoding = 4; lastKnownFileType = sourcecode.c.h; name = gkeyboardevent.h; path = ganesha/gkeyboardevent.h; sourceTree = "<group>"; };
		DE2BE7EF2B7AB3E20047C5D5 /* gviewport.cpp */ = {isa = PBXFileReference; lastKnownFileType = sourcecode.cpp.cpp; name = gviewport.cpp; path = ganesha/gviewport.cpp; sourceTree = "<group>"; };
		DE2BE7F02B7AB3E20047C5D5 /* gviewport.h */ = {isa = PBXFileReference; lastKnownFileType = sourcecode.c.h; name = gviewport.h; path = ganesha/gviewport.h; sourceTree = "<group>"; };
		DE2BE7F32B7ABECA0047C5D5 /* gsystemlayer.cpp */ = {isa = PBXFileReference; lastKnownFileType = sourcecode.cpp.cpp; name = gsystemlayer.cpp; path = ganesha/gsystemlayer.cpp; sourceTree = "<group>"; };
		DE2BE7F42B7ABECA0047C5D5 /* gsystemlayer.h */ = {isa = PBXFileReference; lastKnownFileType = sourcecode.c.h; name = gsystemlayer.h; path = ganesha/gsystemlayer.h; sourceTree = "<group>"; };
		DE2BE7F72B7AC5530047C5D5 /* gvulkanlayer.cpp */ = {isa = PBXFileReference; lastKnownFileType = sourcecode.cpp.cpp; name = gvulkanlayer.cpp; path = ganesha/gvulkanlayer.cpp; sourceTree = "<group>"; };
		DE2BE7F82B7AC5530047C5D5 /* gvulkanlayer.h */ = {isa = PBXFileReference; lastKnownFileType = sourcecode.c.h; name = gvulkanlayer.h; path = ganesha/gvulkanlayer.h; sourceTree = "<group>"; };
		DE2BE7FB2B7AC5FF0047C5D5 /* gupdateprojectionevent.cpp */ = {isa = PBXFileReference; lastKnownFileType = sourcecode.cpp.cpp; name = gupdateprojectionevent.cpp; path = ganesha/gupdateprojectionevent.cpp; sourceTree = "<group>"; };
		DE2BE7FC2B7AC5FF0047C5D5 /* gupdateprojectionevent.h */ = {isa = PBXFileReference; lastKnownFileType = sourcecode.c.h; name = gupdateprojectionevent.h; path = ganesha/gupdateprojectionevent.h; sourceTree = "<group>"; };
		DE2BE7FF2B7AC75D0047C5D5 /* gcameradata.cpp */ = {isa = PBXFileReference; lastKnownFileType = sourcecode.cpp.cpp; name = gcameradata.cpp; path = ganesha/gcameradata.cpp; sourceTree = "<group>"; };
		DE2BE8002B7AC75D0047C5D5 /* gcameradata.h */ = {isa = PBXFileReference; lastKnownFileType = sourcecode.c.h; name = gcameradata.h; path = ganesha/gcameradata.h; sourceTree = "<group>"; };
		DE2BE8042B7D5A9B0047C5D5 /* gupdateviewportevent.cpp */ = {isa = PBXFileReference; lastKnownFileType = sourcecode.cpp.cpp; name = gupdateviewportevent.cpp; path = ganesha/gupdateviewportevent.cpp; sourceTree = "<group>"; };
		DE2BE8052B7D5A9B0047C5D5 /* gupdateviewportevent.h */ = {isa = PBXFileReference; lastKnownFileType = sourcecode.c.h; name = gupdateviewportevent.h; path = ganesha/gupdateviewportevent.h; sourceTree = "<group>"; };
		DE2BE8082B7D5D980047C5D5 /* geventsservice.cpp */ = {isa = PBXFileReference; fileEncoding = 4; lastKnownFileType = sourcecode.cpp.cpp; name = geventsservice.cpp; path = ganesha/geventsservice.cpp; sourceTree = "<group>"; };
		DE2BE8092B7D5D980047C5D5 /* geventsservice.h */ = {isa = PBXFileReference; fileEncoding = 4; lastKnownFileType = sourcecode.c.h; name = geventsservice.h; path = ganesha/geventsservice.h; sourceTree = "<group>"; };
		DE2BE80C2B7D62090047C5D5 /* geventshell.cpp */ = {isa = PBXFileReference; lastKnownFileType = sourcecode.cpp.cpp; name = geventshell.cpp; path = ganesha/geventshell.cpp; sourceTree = "<group>"; };
		DE2BE80D2B7D62090047C5D5 /* geventshell.h */ = {isa = PBXFileReference; lastKnownFileType = sourcecode.c.h; name = geventshell.h; path = ganesha/geventshell.h; sourceTree = "<group>"; };
		DE69D20D2B4BFAA6002D28E2 /* ggraphnode.cpp */ = {isa = PBXFileReference; lastKnownFileType = sourcecode.cpp.cpp; name = ggraphnode.cpp; path = ganesha/ggraphnode.cpp; sourceTree = "<group>"; };
		DE69D20E2B4BFAA6002D28E2 /* ggraphnode.h */ = {isa = PBXFileReference; lastKnownFileType = sourcecode.c.h; name = ggraphnode.h; path = ganesha/ggraphnode.h; sourceTree = "<group>"; };
		DE69D2112B4BFABB002D28E2 /* gmesh.cpp */ = {isa = PBXFileReference; lastKnownFileType = sourcecode.cpp.cpp; name = gmesh.cpp; path = ganesha/gmesh.cpp; sourceTree = "<group>"; };
		DE69D2122B4BFABB002D28E2 /* gmesh.h */ = {isa = PBXFileReference; lastKnownFileType = sourcecode.c.h; name = gmesh.h; path = ganesha/gmesh.h; sourceTree = "<group>"; };
		DE69D2152B4BFC3E002D28E2 /* gspritemesh.cpp */ = {isa = PBXFileReference; lastKnownFileType = sourcecode.cpp.cpp; name = gspritemesh.cpp; path = ganesha/gspritemesh.cpp; sourceTree = "<group>"; };
		DE69D2162B4BFC3E002D28E2 /* gspritemesh.h */ = {isa = PBXFileReference; lastKnownFileType = sourcecode.c.h; name = gspritemesh.h; path = ganesha/gspritemesh.h; sourceTree = "<group>"; };
		DE6C59F52B7541C500795843 /* glayer.cpp */ = {isa = PBXFileReference; lastKnownFileType = sourcecode.cpp.cpp; name = glayer.cpp; path = ganesha/glayer.cpp; sourceTree = "<group>"; };
		DE6C59F62B7541C500795843 /* glayer.h */ = {isa = PBXFileReference; lastKnownFileType = sourcecode.c.h; name = glayer.h; path = ganesha/glayer.h; sourceTree = "<group>"; };
		DE6C59F92B7542A400795843 /* glayersservice.cpp */ = {isa = PBXFileReference; lastKnownFileType = sourcecode.cpp.cpp; name = glayersservice.cpp; path = ganesha/glayersservice.cpp; sourceTree = "<group>"; };
		DE6C59FA2B7542A400795843 /* glayersservice.h */ = {isa = PBXFileReference; lastKnownFileType = sourcecode.c.h; name = glayersservice.h; path = ganesha/glayersservice.h; sourceTree = "<group>"; };
		DE6C5AC92B757A6100795843 /* gapplication.cpp */ = {isa = PBXFileReference; lastKnownFileType = sourcecode.cpp.cpp; name = gapplication.cpp; path = ganesha/gapplication.cpp; sourceTree = "<group>"; };
		DE6C5ACA2B757A6100795843 /* gapplication.h */ = {isa = PBXFileReference; lastKnownFileType = sourcecode.c.h; name = gapplication.h; path = ganesha/gapplication.h; sourceTree = "<group>"; };
		DE7DD1602B5A8A6E00E22894 /* gcommandservice.cpp */ = {isa = PBXFileReference; lastKnownFileType = sourcecode.cpp.cpp; name = gcommandservice.cpp; path = ganesha/gcommandservice.cpp; sourceTree = "<group>"; };
		DE7DD1612B5A8A6E00E22894 /* gcommandservice.h */ = {isa = PBXFileReference; lastKnownFileType = sourcecode.c.h; name = gcommandservice.h; path = ganesha/gcommandservice.h; sourceTree = "<group>"; };
		DE82CE5C2B4A149500EF0925 /* ganesha.framework */ = {isa = PBXFileReference; explicitFileType = wrapper.framework; includeInIndex = 0; path = ganesha.framework; sourceTree = BUILT_PRODUCTS_DIR; };
		DE9D0C722B4A14D400EA0B7C /* gvulkanpipeline.h */ = {isa = PBXFileReference; fileEncoding = 4; lastKnownFileType = sourcecode.c.h; name = gvulkanpipeline.h; path = ganesha/gvulkanpipeline.h; sourceTree = "<group>"; };
		DE9D0C732B4A14D400EA0B7C /* gvulkantools.cpp */ = {isa = PBXFileReference; fileEncoding = 4; lastKnownFileType = sourcecode.cpp.cpp; name = gvulkantools.cpp; path = ganesha/gvulkantools.cpp; sourceTree = "<group>"; };
		DE9D0C742B4A14D400EA0B7C /* gpoint.h */ = {isa = PBXFileReference; fileEncoding = 4; lastKnownFileType = sourcecode.c.h; name = gpoint.h; path = ganesha/gpoint.h; sourceTree = "<group>"; };
		DE9D0C752B4A14D400EA0B7C /* grendergraph.h */ = {isa = PBXFileReference; fileEncoding = 4; lastKnownFileType = sourcecode.c.h; name = grendergraph.h; path = ganesha/grendergraph.h; sourceTree = "<group>"; };
		DE9D0C762B4A14D400EA0B7C /* gvulkanimage.h */ = {isa = PBXFileReference; fileEncoding = 4; lastKnownFileType = sourcecode.c.h; name = gvulkanimage.h; path = ganesha/gvulkanimage.h; sourceTree = "<group>"; };
		DE9D0C772B4A14D400EA0B7C /* gcamera.cpp */ = {isa = PBXFileReference; fileEncoding = 4; lastKnownFileType = sourcecode.cpp.cpp; name = gcamera.cpp; path = ganesha/gcamera.cpp; sourceTree = "<group>"; };
		DE9D0C782B4A14D400EA0B7C /* gquaternion.h */ = {isa = PBXFileReference; fileEncoding = 4; lastKnownFileType = sourcecode.c.h; name = gquaternion.h; path = ganesha/gquaternion.h; sourceTree = "<group>"; };
		DE9D0C792B4A14D400EA0B7C /* gmatrix.h */ = {isa = PBXFileReference; fileEncoding = 4; lastKnownFileType = sourcecode.c.h; name = gmatrix.h; path = ganesha/gmatrix.h; sourceTree = "<group>"; };
		DE9D0C7B2B4A14D400EA0B7C /* gganesha.cpp */ = {isa = PBXFileReference; fileEncoding = 4; lastKnownFileType = sourcecode.cpp.cpp; name = gganesha.cpp; path = ganesha/gganesha.cpp; sourceTree = "<group>"; };
		DE9D0C7C2B4A14D400EA0B7C /* grendergraph.cpp */ = {isa = PBXFileReference; fileEncoding = 4; lastKnownFileType = sourcecode.cpp.cpp; name = grendergraph.cpp; path = ganesha/grendergraph.cpp; sourceTree = "<group>"; };
		DE9D0C7E2B4A14D400EA0B7C /* gvector.cpp */ = {isa = PBXFileReference; fileEncoding = 4; lastKnownFileType = sourcecode.cpp.cpp; name = gvector.cpp; path = ganesha/gvector.cpp; sourceTree = "<group>"; };
		DE9D0C7F2B4A14D400EA0B7C /* gcamera.h */ = {isa = PBXFileReference; fileEncoding = 4; lastKnownFileType = sourcecode.c.h; name = gcamera.h; path = ganesha/gcamera.h; sourceTree = "<group>"; };
		DE9D0C802B4A14D400EA0B7C /* ggraphicsapiprotocol.h */ = {isa = PBXFileReference; fileEncoding = 4; lastKnownFileType = sourcecode.c.h; name = ggraphicsapiprotocol.h; path = ganesha/ggraphicsapiprotocol.h; sourceTree = "<group>"; };
		DE9D0C812B4A14D400EA0B7C /* ganeshatypes.h */ = {isa = PBXFileReference; fileEncoding = 4; lastKnownFileType = sourcecode.c.h; name = ganeshatypes.h; path = ganesha/ganeshatypes.h; sourceTree = "<group>"; };
		DE9D0C822B4A14D400EA0B7C /* gquaternion.cpp */ = {isa = PBXFileReference; fileEncoding = 4; lastKnownFileType = sourcecode.cpp.cpp; name = gquaternion.cpp; path = ganesha/gquaternion.cpp; sourceTree = "<group>"; };
		DE9D0C832B4A14D400EA0B7C /* gcolor.h */ = {isa = PBXFileReference; fileEncoding = 4; lastKnownFileType = sourcecode.c.h; name = gcolor.h; path = ganesha/gcolor.h; sourceTree = "<group>"; };
		DE9D0C842B4A14D400EA0B7C /* glog.cpp */ = {isa = PBXFileReference; fileEncoding = 4; lastKnownFileType = sourcecode.cpp.cpp; name = glog.cpp; path = ganesha/glog.cpp; sourceTree = "<group>"; };
		DE9D0C852B4A14D400EA0B7C /* gtga.h */ = {isa = PBXFileReference; fileEncoding = 4; lastKnownFileType = sourcecode.c.h; name = gtga.h; path = ganesha/gtga.h; sourceTree = "<group>"; };
		DE9D0C862B4A14D400EA0B7C /* gvector.h */ = {isa = PBXFileReference; fileEncoding = 4; lastKnownFileType = sourcecode.c.h; name = gvector.h; path = ganesha/gvector.h; sourceTree = "<group>"; };
		DE9D0C872B4A14D400EA0B7C /* gvulkanbuffer.cpp */ = {isa = PBXFileReference; fileEncoding = 4; lastKnownFileType = sourcecode.cpp.cpp; name = gvulkanbuffer.cpp; path = ganesha/gvulkanbuffer.cpp; sourceTree = "<group>"; };
		DE9D0C882B4A14D400EA0B7C /* gganesha.h */ = {isa = PBXFileReference; fileEncoding = 4; lastKnownFileType = sourcecode.c.h; name = gganesha.h; path = ganesha/gganesha.h; sourceTree = "<group>"; };
		DE9D0C8A2B4A14D400EA0B7C /* gpoint2d.cpp */ = {isa = PBXFileReference; fileEncoding = 4; lastKnownFileType = sourcecode.cpp.cpp; name = gpoint2d.cpp; path = ganesha/gpoint2d.cpp; sourceTree = "<group>"; };
		DE9D0C8C2B4A14D400EA0B7C /* gvulkandevice.h */ = {isa = PBXFileReference; fileEncoding = 4; lastKnownFileType = sourcecode.c.h; name = gvulkandevice.h; path = ganesha/gvulkandevice.h; sourceTree = "<group>"; };
		DE9D0C8D2B4A14D400EA0B7C /* gvulkanapi.cpp */ = {isa = PBXFileReference; fileEncoding = 4; lastKnownFileType = sourcecode.cpp.cpp; name = gvulkanapi.cpp; path = ganesha/gvulkanapi.cpp; sourceTree = "<group>"; };
		DE9D0C8E2B4A14D400EA0B7C /* gvulkanapi.h */ = {isa = PBXFileReference; fileEncoding = 4; lastKnownFileType = sourcecode.c.h; name = gvulkanapi.h; path = ganesha/gvulkanapi.h; sourceTree = "<group>"; };
		DE9D0C8F2B4A14D500EA0B7C /* gvulkanbuffer.h */ = {isa = PBXFileReference; fileEncoding = 4; lastKnownFileType = sourcecode.c.h; name = gvulkanbuffer.h; path = ganesha/gvulkanbuffer.h; sourceTree = "<group>"; };
		DE9D0C902B4A14D500EA0B7C /* gpoint2d.h */ = {isa = PBXFileReference; fileEncoding = 4; lastKnownFileType = sourcecode.c.h; name = gpoint2d.h; path = ganesha/gpoint2d.h; sourceTree = "<group>"; };
		DE9D0C912B4A14D500EA0B7C /* gmatrix.cpp */ = {isa = PBXFileReference; fileEncoding = 4; lastKnownFileType = sourcecode.cpp.cpp; name = gmatrix.cpp; path = ganesha/gmatrix.cpp; sourceTree = "<group>"; };
		DE9D0C922B4A14D500EA0B7C /* glog.h */ = {isa = PBXFileReference; fileEncoding = 4; lastKnownFileType = sourcecode.c.h; name = glog.h; path = ganesha/glog.h; sourceTree = "<group>"; };
		DE9D0C932B4A14D500EA0B7C /* ganesha.h */ = {isa = PBXFileReference; fileEncoding = 4; lastKnownFileType = sourcecode.c.h; name = ganesha.h; path = ganesha/ganesha.h; sourceTree = "<group>"; };
		DE9D0C942B4A14D500EA0B7C /* gvulkanpipeline.cpp */ = {isa = PBXFileReference; fileEncoding = 4; lastKnownFileType = sourcecode.cpp.cpp; name = gvulkanpipeline.cpp; path = ganesha/gvulkanpipeline.cpp; sourceTree = "<group>"; };
		DE9D0C952B4A14D500EA0B7C /* gvulkantools.h */ = {isa = PBXFileReference; fileEncoding = 4; lastKnownFileType = sourcecode.c.h; name = gvulkantools.h; path = ganesha/gvulkantools.h; sourceTree = "<group>"; };
		DE9D0C962B4A14D500EA0B7C /* gvulkanimage.cpp */ = {isa = PBXFileReference; fileEncoding = 4; lastKnownFileType = sourcecode.cpp.cpp; name = gvulkanimage.cpp; path = ganesha/gvulkanimage.cpp; sourceTree = "<group>"; };
		DE9D0C972B4A14D500EA0B7C /* gvulkandevice.cpp */ = {isa = PBXFileReference; fileEncoding = 4; lastKnownFileType = sourcecode.cpp.cpp; name = gvulkandevice.cpp; path = ganesha/gvulkandevice.cpp; sourceTree = "<group>"; };
		DE9D0C982B4A14D500EA0B7C /* gvulkanswapchain.cpp */ = {isa = PBXFileReference; fileEncoding = 4; lastKnownFileType = sourcecode.cpp.cpp; name = gvulkanswapchain.cpp; path = ganesha/gvulkanswapchain.cpp; sourceTree = "<group>"; };
		DE9D0C992B4A14D500EA0B7C /* gtga.cpp */ = {isa = PBXFileReference; fileEncoding = 4; lastKnownFileType = sourcecode.cpp.cpp; name = gtga.cpp; path = ganesha/gtga.cpp; sourceTree = "<group>"; };
		DE9D0C9C2B4A14D500EA0B7C /* gvulkaninstance.h */ = {isa = PBXFileReference; fileEncoding = 4; lastKnownFileType = sourcecode.c.h; name = gvulkaninstance.h; path = ganesha/gvulkaninstance.h; sourceTree = "<group>"; };
		DE9D0C9D2B4A14D500EA0B7C /* gvulkanswapchain.h */ = {isa = PBXFileReference; fileEncoding = 4; lastKnownFileType = sourcecode.c.h; name = gvulkanswapchain.h; path = ganesha/gvulkanswapchain.h; sourceTree = "<group>"; };
		DE9D0C9E2B4A14D500EA0B7C /* gvulkaninstance.cpp */ = {isa = PBXFileReference; fileEncoding = 4; lastKnownFileType = sourcecode.cpp.cpp; name = gvulkaninstance.cpp; path = ganesha/gvulkaninstance.cpp; sourceTree = "<group>"; };
		DE9D0C9F2B4A14D500EA0B7C /* gpoint.cpp */ = {isa = PBXFileReference; fileEncoding = 4; lastKnownFileType = sourcecode.cpp.cpp; name = gpoint.cpp; path = ganesha/gpoint.cpp; sourceTree = "<group>"; };
		DE9D0CA02B4A14D500EA0B7C /* gcolor.cpp */ = {isa = PBXFileReference; fileEncoding = 4; lastKnownFileType = sourcecode.cpp.cpp; name = gcolor.cpp; path = ganesha/gcolor.cpp; sourceTree = "<group>"; };
		DE9D0CD12B4A17E500EA0B7C /* vulkan.framework */ = {isa = PBXFileReference; lastKnownFileType = wrapper.framework; name = vulkan.framework; path = "../../vulkansdk-macos-1.3.268.1/macOS/Frameworks/vulkan.framework"; sourceTree = "<group>"; };
		DEBE148F2B4DC2C5001EF6FB /* gmaterialsservice.cpp */ = {isa = PBXFileReference; lastKnownFileType = sourcecode.cpp.cpp; name = gmaterialsservice.cpp; path = ganesha/gmaterialsservice.cpp; sourceTree = "<group>"; };
		DEBE14902B4DC2C5001EF6FB /* gmaterialsservice.h */ = {isa = PBXFileReference; lastKnownFileType = sourcecode.c.h; name = gmaterialsservice.h; path = ganesha/gmaterialsservice.h; sourceTree = "<group>"; };
		DEBE14932B51E548001EF6FB /* gganeshacontent.cpp */ = {isa = PBXFileReference; lastKnownFileType = sourcecode.cpp.cpp; name = gganeshacontent.cpp; path = ganesha/gganeshacontent.cpp; sourceTree = "<group>"; };
		DEBE14942B51E548001EF6FB /* gganeshacontent.h */ = {isa = PBXFileReference; lastKnownFileType = sourcecode.c.h; name = gganeshacontent.h; path = ganesha/gganeshacontent.h; sourceTree = "<group>"; };
		DEDD0F202B6AAE1D00F6F9B1 /* gevent.cpp */ = {isa = PBXFileReference; lastKnownFileType = sourcecode.cpp.cpp; name = gevent.cpp; path = ganesha/gevent.cpp; sourceTree = "<group>"; };
		DEDD0F212B6AAE1D00F6F9B1 /* gevent.h */ = {isa = PBXFileReference; lastKnownFileType = sourcecode.c.h; name = gevent.h; path = ganesha/gevent.h; sourceTree = "<group>"; };
		DEDD0F242B6AAF6C00F6F9B1 /* gwindowevent.cpp */ = {isa = PBXFileReference; lastKnownFileType = sourcecode.cpp.cpp; name = gwindowevent.cpp; path = ganesha/gwindowevent.cpp; sourceTree = "<group>"; };
		DEDD0F252B6AAF6C00F6F9B1 /* gwindowevent.h */ = {isa = PBXFileReference; lastKnownFileType = sourcecode.c.h; name = gwindowevent.h; path = ganesha/gwindowevent.h; sourceTree = "<group>"; };
		DEDF76762B58711000F569A7 /* gdescriptorsetservice.cpp */ = {isa = PBXFileReference; lastKnownFileType = sourcecode.cpp.cpp; name = gdescriptorsetservice.cpp; path = ganesha/gdescriptorsetservice.cpp; sourceTree = "<group>"; };
		DEDF76772B58711000F569A7 /* gdescriptorsetservice.h */ = {isa = PBXFileReference; lastKnownFileType = sourcecode.c.h; name = gdescriptorsetservice.h; path = ganesha/gdescriptorsetservice.h; sourceTree = "<group>"; };
		DEFDBCF92B6C0569001EBFF6 /* gshadersservice.cpp */ = {isa = PBXFileReference; lastKnownFileType = sourcecode.cpp.cpp; name = gshadersservice.cpp; path = ganesha/gshadersservice.cpp; sourceTree = "<group>"; };
		DEFDBCFA2B6C0569001EBFF6 /* gshadersservice.h */ = {isa = PBXFileReference; lastKnownFileType = sourcecode.c.h; name = gshadersservice.h; path = ganesha/gshadersservice.h; sourceTree = "<group>"; };
/* End PBXFileReference section */

/* Begin PBXFrameworksBuildPhase section */
		DE82CE592B4A149500EF0925 /* Frameworks */ = {
			isa = PBXFrameworksBuildPhase;
			buildActionMask = 2147483647;
			files = (
				DE9D0CD22B4A17E500EA0B7C /* vulkan.framework in Frameworks */,
			);
			runOnlyForDeploymentPostprocessing = 0;
		};
/* End PBXFrameworksBuildPhase section */

/* Begin PBXGroup section */
		DE2BE7EE2B7A94ED0047C5D5 /* Application */ = {
			isa = PBXGroup;
			children = (
				DEFDBCFD2B6C0858001EBFF6 /* Events */,
				DE2BE8032B7D58860047C5D5 /* Layers */,
				DE6C5AC92B757A6100795843 /* gapplication.cpp */,
				DE6C5ACA2B757A6100795843 /* gapplication.h */,
			);
			name = Application;
			sourceTree = "<group>";
		};
		DE2BE8032B7D58860047C5D5 /* Layers */ = {
			isa = PBXGroup;
			children = (
				DE6C59F62B7541C500795843 /* glayer.h */,
				DE6C59F52B7541C500795843 /* glayer.cpp */,
				DE2BE7F42B7ABECA0047C5D5 /* gsystemlayer.h */,
				DE2BE7F32B7ABECA0047C5D5 /* gsystemlayer.cpp */,
				DE2BE7F82B7AC5530047C5D5 /* gvulkanlayer.h */,
				DE2BE7F72B7AC5530047C5D5 /* gvulkanlayer.cpp */,
			);
			name = Layers;
			sourceTree = "<group>";
		};
		DE69D1FF2B4B47C1002D28E2 /* Basics */ = {
			isa = PBXGroup;
			children = (
				DE9D0CA02B4A14D500EA0B7C /* gcolor.cpp */,
				DE9D0C832B4A14D400EA0B7C /* gcolor.h */,
				DE9D0C912B4A14D500EA0B7C /* gmatrix.cpp */,
				DE9D0C792B4A14D400EA0B7C /* gmatrix.h */,
				DE9D0C9F2B4A14D500EA0B7C /* gpoint.cpp */,
				DE9D0C742B4A14D400EA0B7C /* gpoint.h */,
				DE9D0C8A2B4A14D400EA0B7C /* gpoint2d.cpp */,
				DE9D0C902B4A14D500EA0B7C /* gpoint2d.h */,
				DE9D0C822B4A14D400EA0B7C /* gquaternion.cpp */,
				DE9D0C782B4A14D400EA0B7C /* gquaternion.h */,
				DE9D0C7E2B4A14D400EA0B7C /* gvector.cpp */,
				DE9D0C862B4A14D400EA0B7C /* gvector.h */,
			);
			name = Basics;
			sourceTree = "<group>";
		};
		DE69D2002B4B47D6002D28E2 /* VULKAN */ = {
			isa = PBXGroup;
			children = (
				DE9D0C802B4A14D400EA0B7C /* ggraphicsapiprotocol.h */,
				DE9D0C8E2B4A14D400EA0B7C /* gvulkanapi.h */,
				DE9D0C8D2B4A14D400EA0B7C /* gvulkanapi.cpp */,
				DE9D0C9E2B4A14D500EA0B7C /* gvulkaninstance.cpp */,
				DE9D0C9C2B4A14D500EA0B7C /* gvulkaninstance.h */,
				DE9D0C972B4A14D500EA0B7C /* gvulkandevice.cpp */,
				DE9D0C8C2B4A14D400EA0B7C /* gvulkandevice.h */,
				DE9D0C942B4A14D500EA0B7C /* gvulkanpipeline.cpp */,
				DE9D0C722B4A14D400EA0B7C /* gvulkanpipeline.h */,
				DE9D0C982B4A14D500EA0B7C /* gvulkanswapchain.cpp */,
				DE9D0C9D2B4A14D500EA0B7C /* gvulkanswapchain.h */,
				DE9D0C8F2B4A14D500EA0B7C /* gvulkanbuffer.h */,
				DE9D0C872B4A14D400EA0B7C /* gvulkanbuffer.cpp */,
				DE9D0C762B4A14D400EA0B7C /* gvulkanimage.h */,
				DE9D0C962B4A14D500EA0B7C /* gvulkanimage.cpp */,
				DEDF76772B58711000F569A7 /* gdescriptorsetservice.h */,
				DEDF76762B58711000F569A7 /* gdescriptorsetservice.cpp */,
				DEBE14902B4DC2C5001EF6FB /* gmaterialsservice.h */,
				DEBE148F2B4DC2C5001EF6FB /* gmaterialsservice.cpp */,
				DE7DD1612B5A8A6E00E22894 /* gcommandservice.h */,
				DE7DD1602B5A8A6E00E22894 /* gcommandservice.cpp */,
				DE6C59F92B7542A400795843 /* glayersservice.cpp */,
				DE6C59FA2B7542A400795843 /* glayersservice.h */,
			);
			name = VULKAN;
			sourceTree = "<group>";
		};
		DE69D2012B4B47F4002D28E2 /* Tools */ = {
			isa = PBXGroup;
			children = (
				DE9D0C732B4A14D400EA0B7C /* gvulkantools.cpp */,
				DE9D0C952B4A14D500EA0B7C /* gvulkantools.h */,
				DE9D0C922B4A14D500EA0B7C /* glog.h */,
				DE9D0C842B4A14D400EA0B7C /* glog.cpp */,
				DE9D0C852B4A14D400EA0B7C /* gtga.h */,
				DE9D0C992B4A14D500EA0B7C /* gtga.cpp */,
			);
			name = Tools;
			sourceTree = "<group>";
		};
		DE69D20C2B4BFA63002D28E2 /* Graph */ = {
			isa = PBXGroup;
			children = (
				DE9D0C752B4A14D400EA0B7C /* grendergraph.h */,
				DE9D0C7C2B4A14D400EA0B7C /* grendergraph.cpp */,
				DE69D20E2B4BFAA6002D28E2 /* ggraphnode.h */,
				DE69D20D2B4BFAA6002D28E2 /* ggraphnode.cpp */,
			);
			name = Graph;
			sourceTree = "<group>";
		};
		DE82CE522B4A149500EF0925 = {
			isa = PBXGroup;
			children = (
				DE20635A2B5E5AC700D8E12F /* README.md */,
				DE82CE5E2B4A149500EF0925 /* ganesha */,
				DE82CE5D2B4A149500EF0925 /* Products */,
				DE9D0CD02B4A17E500EA0B7C /* Frameworks */,
			);
			sourceTree = "<group>";
		};
		DE82CE5D2B4A149500EF0925 /* Products */ = {
			isa = PBXGroup;
			children = (
				DE82CE5C2B4A149500EF0925 /* ganesha.framework */,
			);
			name = Products;
			sourceTree = "<group>";
		};
		DE82CE5E2B4A149500EF0925 /* ganesha */ = {
			isa = PBXGroup;
			children = (
				DE2BE7F02B7AB3E20047C5D5 /* gviewport.h */,
				DE2BE7EF2B7AB3E20047C5D5 /* gviewport.cpp */,
				DE2BE8002B7AC75D0047C5D5 /* gcameradata.h */,
				DE2BE7FF2B7AC75D0047C5D5 /* gcameradata.cpp */,
				DE9D0C7F2B4A14D400EA0B7C /* gcamera.h */,
				DE9D0C772B4A14D400EA0B7C /* gcamera.cpp */,
				DEFDBCFA2B6C0569001EBFF6 /* gshadersservice.h */,
				DEFDBCF92B6C0569001EBFF6 /* gshadersservice.cpp */,
				DEBE148E2B4C8B89001EF6FB /* Meshes */,
				DE69D20C2B4BFA63002D28E2 /* Graph */,
				DE69D1FF2B4B47C1002D28E2 /* Basics */,
				DE69D2002B4B47D6002D28E2 /* VULKAN */,
				DE69D2012B4B47F4002D28E2 /* Tools */,
				DE9D0C812B4A14D400EA0B7C /* ganeshatypes.h */,
				DEBE14932B51E548001EF6FB /* gganeshacontent.cpp */,
				DEBE14942B51E548001EF6FB /* gganeshacontent.h */,
				DE9D0C7B2B4A14D400EA0B7C /* gganesha.cpp */,
				DE9D0C882B4A14D400EA0B7C /* gganesha.h */,
				DE2BE7EE2B7A94ED0047C5D5 /* Application */,
				DE9D0C932B4A14D500EA0B7C /* ganesha.h */,
			);
			name = ganesha;
			sourceTree = "<group>";
		};
		DE9D0CD02B4A17E500EA0B7C /* Frameworks */ = {
			isa = PBXGroup;
			children = (
				DE9D0CD12B4A17E500EA0B7C /* vulkan.framework */,
			);
			name = Frameworks;
			sourceTree = "<group>";
		};
		DEBE148E2B4C8B89001EF6FB /* Meshes */ = {
			isa = PBXGroup;
			children = (
				DE69D2122B4BFABB002D28E2 /* gmesh.h */,
				DE69D2112B4BFABB002D28E2 /* gmesh.cpp */,
				DE69D2162B4BFC3E002D28E2 /* gspritemesh.h */,
				DE69D2152B4BFC3E002D28E2 /* gspritemesh.cpp */,
			);
			name = Meshes;
			sourceTree = "<group>";
		};
		DEFDBCFD2B6C0858001EBFF6 /* Events */ = {
			isa = PBXGroup;
			children = (
				DE2BE8092B7D5D980047C5D5 /* geventsservice.h */,
				DE2BE8082B7D5D980047C5D5 /* geventsservice.cpp */,
				DEDD0F212B6AAE1D00F6F9B1 /* gevent.h */,
				DEDD0F202B6AAE1D00F6F9B1 /* gevent.cpp */,
				DE2BE80D2B7D62090047C5D5 /* geventshell.h */,
				DE2BE80C2B7D62090047C5D5 /* geventshell.cpp */,
				DE2BE7E62B7A8F870047C5D5 /* gmouseevent.h */,
				DE2BE7E72B7A8F870047C5D5 /* gmouseevent.cpp */,
				DE2BE7E92B7A8F870047C5D5 /* gkeyboardevent.h */,
				DE2BE7E82B7A8F870047C5D5 /* gkeyboardevent.cpp */,
				DEDD0F252B6AAF6C00F6F9B1 /* gwindowevent.h */,
				DEDD0F242B6AAF6C00F6F9B1 /* gwindowevent.cpp */,
				DE2BE7FC2B7AC5FF0047C5D5 /* gupdateprojectionevent.h */,
				DE2BE7FB2B7AC5FF0047C5D5 /* gupdateprojectionevent.cpp */,
				DE2BE8052B7D5A9B0047C5D5 /* gupdateviewportevent.h */,
				DE2BE8042B7D5A9B0047C5D5 /* gupdateviewportevent.cpp */,
			);
			name = Events;
			sourceTree = "<group>";
		};
/* End PBXGroup section */

/* Begin PBXHeadersBuildPhase section */
		DE82CE572B4A149500EF0925 /* Headers */ = {
			isa = PBXHeadersBuildPhase;
			buildActionMask = 2147483647;
			files = (
				DE9D0CCC2B4A14D500EA0B7C /* gvulkanswapchain.h in Headers */,
				DEBE14922B4DC2C5001EF6FB /* gmaterialsservice.h in Headers */,
				DE2BE7F22B7AB3E20047C5D5 /* gviewport.h in Headers */,
				DE2BE7FA2B7AC5530047C5D5 /* gvulkanlayer.h in Headers */,
				DE2BE8072B7D5A9B0047C5D5 /* gupdateviewportevent.h in Headers */,
				DE9D0CA12B4A14D500EA0B7C /* gvulkanpipeline.h in Headers */,
				DE9D0CA32B4A14D500EA0B7C /* gpoint.h in Headers */,
				DE2BE80F2B7D62090047C5D5 /* geventshell.h in Headers */,
				DE9D0CAF2B4A14D500EA0B7C /* ggraphicsapiprotocol.h in Headers */,
				DE2BE8022B7AC75D0047C5D5 /* gcameradata.h in Headers */,
				DEDD0F272B6AAF6D00F6F9B1 /* gwindowevent.h in Headers */,
				DE9D0CCB2B4A14D500EA0B7C /* gvulkaninstance.h in Headers */,
				DEDD0F232B6AAE1D00F6F9B1 /* gevent.h in Headers */,
				DE9D0CB02B4A14D500EA0B7C /* ganeshatypes.h in Headers */,
				DE9D0CC12B4A14D500EA0B7C /* glog.h in Headers */,
				DE2BE7EA2B7A8F870047C5D5 /* gmouseevent.h in Headers */,
				DE9D0CBF2B4A14D500EA0B7C /* gpoint2d.h in Headers */,
				DE9D0CC22B4A14D500EA0B7C /* ganesha.h in Headers */,
				DE2BE7ED2B7A8F870047C5D5 /* gkeyboardevent.h in Headers */,
				DE2BE7F62B7ABECA0047C5D5 /* gsystemlayer.h in Headers */,
				DE6C59FC2B7542A400795843 /* glayersservice.h in Headers */,
				DE9D0CB22B4A14D500EA0B7C /* gcolor.h in Headers */,
				DE9D0CB72B4A14D500EA0B7C /* gganesha.h in Headers */,
				DE9D0CA82B4A14D500EA0B7C /* gmatrix.h in Headers */,
				DEBE14962B51E548001EF6FB /* gganeshacontent.h in Headers */,
				DE9D0CBE2B4A14D500EA0B7C /* gvulkanbuffer.h in Headers */,
				DE9D0CBD2B4A14D500EA0B7C /* gvulkanapi.h in Headers */,
				DE9D0CA42B4A14D500EA0B7C /* grendergraph.h in Headers */,
				DE9D0CBB2B4A14D500EA0B7C /* gvulkandevice.h in Headers */,
				DE7DD1632B5A8A6E00E22894 /* gcommandservice.h in Headers */,
				DE9D0CB52B4A14D500EA0B7C /* gvector.h in Headers */,
				DE9D0CA72B4A14D500EA0B7C /* gquaternion.h in Headers */,
				DE9D0CB42B4A14D500EA0B7C /* gtga.h in Headers */,
				DE6C5ACC2B757A6100795843 /* gapplication.h in Headers */,
				DE69D2182B4BFC3E002D28E2 /* gspritemesh.h in Headers */,
				DE69D2142B4BFABB002D28E2 /* gmesh.h in Headers */,
				DEFDBCFC2B6C0569001EBFF6 /* gshadersservice.h in Headers */,
				DE69D2102B4BFAA6002D28E2 /* ggraphnode.h in Headers */,
				DE6C59F82B7541C500795843 /* glayer.h in Headers */,
				DEDF76792B58711000F569A7 /* gdescriptorsetservice.h in Headers */,
				DE9D0CC42B4A14D500EA0B7C /* gvulkantools.h in Headers */,
				DE2BE7FE2B7AC5FF0047C5D5 /* gupdateprojectionevent.h in Headers */,
				DE2BE80B2B7D5D980047C5D5 /* geventsservice.h in Headers */,
				DE9D0CAE2B4A14D500EA0B7C /* gcamera.h in Headers */,
				DE9D0CA52B4A14D500EA0B7C /* gvulkanimage.h in Headers */,
			);
			runOnlyForDeploymentPostprocessing = 0;
		};
/* End PBXHeadersBuildPhase section */

/* Begin PBXNativeTarget section */
		DE82CE5B2B4A149500EF0925 /* ganesha */ = {
			isa = PBXNativeTarget;
			buildConfigurationList = DE82CE632B4A149500EF0925 /* Build configuration list for PBXNativeTarget "ganesha" */;
			buildPhases = (
				DE82CE572B4A149500EF0925 /* Headers */,
				DE82CE582B4A149500EF0925 /* Sources */,
				DE82CE592B4A149500EF0925 /* Frameworks */,
				DE82CE5A2B4A149500EF0925 /* Resources */,
			);
			buildRules = (
			);
			dependencies = (
			);
			name = ganesha;
			productName = ganesha;
			productReference = DE82CE5C2B4A149500EF0925 /* ganesha.framework */;
			productType = "com.apple.product-type.framework";
		};
/* End PBXNativeTarget section */

/* Begin PBXProject section */
		DE82CE532B4A149500EF0925 /* Project object */ = {
			isa = PBXProject;
			attributes = {
				BuildIndependentTargetsInParallel = 1;
				LastUpgradeCheck = 1510;
				TargetAttributes = {
					DE82CE5B2B4A149500EF0925 = {
						CreatedOnToolsVersion = 15.1;
					};
				};
			};
			buildConfigurationList = DE82CE562B4A149500EF0925 /* Build configuration list for PBXProject "ganesha" */;
			compatibilityVersion = "Xcode 14.0";
			developmentRegion = en;
			hasScannedForEncodings = 0;
			knownRegions = (
				en,
				Base,
			);
			mainGroup = DE82CE522B4A149500EF0925;
			productRefGroup = DE82CE5D2B4A149500EF0925 /* Products */;
			projectDirPath = "";
			projectRoot = "";
			targets = (
				DE82CE5B2B4A149500EF0925 /* ganesha */,
			);
		};
/* End PBXProject section */

/* Begin PBXResourcesBuildPhase section */
		DE82CE5A2B4A149500EF0925 /* Resources */ = {
			isa = PBXResourcesBuildPhase;
			buildActionMask = 2147483647;
			files = (
				DE20635B2B5E5AC700D8E12F /* README.md in Resources */,
			);
			runOnlyForDeploymentPostprocessing = 0;
		};
/* End PBXResourcesBuildPhase section */

/* Begin PBXSourcesBuildPhase section */
		DE82CE582B4A149500EF0925 /* Sources */ = {
			isa = PBXSourcesBuildPhase;
			buildActionMask = 2147483647;
			files = (
				DE7DD1622B5A8A6E00E22894 /* gcommandservice.cpp in Sources */,
				DE9D0CA62B4A14D500EA0B7C /* gcamera.cpp in Sources */,
				DE2BE7F92B7AC5530047C5D5 /* gvulkanlayer.cpp in Sources */,
				DE2BE7EB2B7A8F870047C5D5 /* gmouseevent.cpp in Sources */,
				DE2BE8012B7AC75D0047C5D5 /* gcameradata.cpp in Sources */,
				DE9D0CC82B4A14D500EA0B7C /* gtga.cpp in Sources */,
				DE2BE80A2B7D5D980047C5D5 /* geventsservice.cpp in Sources */,
				DE6C5ACB2B757A6100795843 /* gapplication.cpp in Sources */,
				DE9D0CC72B4A14D500EA0B7C /* gvulkanswapchain.cpp in Sources */,
				DEDD0F222B6AAE1D00F6F9B1 /* gevent.cpp in Sources */,
				DE9D0CB32B4A14D500EA0B7C /* glog.cpp in Sources */,
				DE9D0CCF2B4A14D500EA0B7C /* gcolor.cpp in Sources */,
				DE9D0CB92B4A14D500EA0B7C /* gpoint2d.cpp in Sources */,
				DE9D0CA22B4A14D500EA0B7C /* gvulkantools.cpp in Sources */,
				DE9D0CCD2B4A14D500EA0B7C /* gvulkaninstance.cpp in Sources */,
				DEBE14912B4DC2C5001EF6FB /* gmaterialsservice.cpp in Sources */,
				DE6C59FB2B7542A400795843 /* glayersservice.cpp in Sources */,
				DE69D2172B4BFC3E002D28E2 /* gspritemesh.cpp in Sources */,
				DEDF76782B58711000F569A7 /* gdescriptorsetservice.cpp in Sources */,
				DEBE14952B51E548001EF6FB /* gganeshacontent.cpp in Sources */,
				DE2BE7F12B7AB3E20047C5D5 /* gviewport.cpp in Sources */,
				DE2BE7EC2B7A8F870047C5D5 /* gkeyboardevent.cpp in Sources */,
				DE2BE8062B7D5A9B0047C5D5 /* gupdateviewportevent.cpp in Sources */,
				DEFDBCFB2B6C0569001EBFF6 /* gshadersservice.cpp in Sources */,
				DE9D0CAB2B4A14D500EA0B7C /* grendergraph.cpp in Sources */,
				DE2BE80E2B7D62090047C5D5 /* geventshell.cpp in Sources */,
				DE9D0CB12B4A14D500EA0B7C /* gquaternion.cpp in Sources */,
				DE9D0CC52B4A14D500EA0B7C /* gvulkanimage.cpp in Sources */,
				DE6C59F72B7541C500795843 /* glayer.cpp in Sources */,
				DE9D0CC02B4A14D500EA0B7C /* gmatrix.cpp in Sources */,
				DE69D2132B4BFABB002D28E2 /* gmesh.cpp in Sources */,
				DE9D0CC62B4A14D500EA0B7C /* gvulkandevice.cpp in Sources */,
				DE9D0CB62B4A14D500EA0B7C /* gvulkanbuffer.cpp in Sources */,
				DE9D0CBC2B4A14D500EA0B7C /* gvulkanapi.cpp in Sources */,
				DE9D0CAD2B4A14D500EA0B7C /* gvector.cpp in Sources */,
				DE69D20F2B4BFAA6002D28E2 /* ggraphnode.cpp in Sources */,
				DEDD0F262B6AAF6C00F6F9B1 /* gwindowevent.cpp in Sources */,
				DE2BE7F52B7ABECA0047C5D5 /* gsystemlayer.cpp in Sources */,
				DE9D0CC32B4A14D500EA0B7C /* gvulkanpipeline.cpp in Sources */,
				DE9D0CAA2B4A14D500EA0B7C /* gganesha.cpp in Sources */,
				DE2BE7FD2B7AC5FF0047C5D5 /* gupdateprojectionevent.cpp in Sources */,
				DE9D0CCE2B4A14D500EA0B7C /* gpoint.cpp in Sources */,
			);
			runOnlyForDeploymentPostprocessing = 0;
		};
/* End PBXSourcesBuildPhase section */

/* Begin XCBuildConfiguration section */
		DE82CE612B4A149500EF0925 /* Debug */ = {
			isa = XCBuildConfiguration;
			buildSettings = {
				ALWAYS_SEARCH_USER_PATHS = NO;
				ASSETCATALOG_COMPILER_GENERATE_SWIFT_ASSET_SYMBOL_EXTENSIONS = YES;
				CLANG_ANALYZER_NONNULL = YES;
				CLANG_ANALYZER_NUMBER_OBJECT_CONVERSION = YES_AGGRESSIVE;
				CLANG_CXX_LANGUAGE_STANDARD = "gnu++20";
				CLANG_ENABLE_MODULES = YES;
				CLANG_ENABLE_OBJC_ARC = YES;
				CLANG_ENABLE_OBJC_WEAK = YES;
				CLANG_WARN_BLOCK_CAPTURE_AUTORELEASING = YES;
				CLANG_WARN_BOOL_CONVERSION = YES;
				CLANG_WARN_COMMA = YES;
				CLANG_WARN_CONSTANT_CONVERSION = YES;
				CLANG_WARN_DEPRECATED_OBJC_IMPLEMENTATIONS = YES;
				CLANG_WARN_DIRECT_OBJC_ISA_USAGE = YES_ERROR;
				CLANG_WARN_DOCUMENTATION_COMMENTS = YES;
				CLANG_WARN_EMPTY_BODY = YES;
				CLANG_WARN_ENUM_CONVERSION = YES;
				CLANG_WARN_INFINITE_RECURSION = YES;
				CLANG_WARN_INT_CONVERSION = YES;
				CLANG_WARN_NON_LITERAL_NULL_CONVERSION = YES;
				CLANG_WARN_OBJC_IMPLICIT_RETAIN_SELF = YES;
				CLANG_WARN_OBJC_LITERAL_CONVERSION = YES;
				CLANG_WARN_OBJC_ROOT_CLASS = YES_ERROR;
				CLANG_WARN_QUOTED_INCLUDE_IN_FRAMEWORK_HEADER = YES;
				CLANG_WARN_RANGE_LOOP_ANALYSIS = YES;
				CLANG_WARN_STRICT_PROTOTYPES = YES;
				CLANG_WARN_SUSPICIOUS_MOVE = YES;
				CLANG_WARN_UNGUARDED_AVAILABILITY = YES_AGGRESSIVE;
				CLANG_WARN_UNREACHABLE_CODE = YES;
				CLANG_WARN__DUPLICATE_METHOD_MATCH = YES;
				COPY_PHASE_STRIP = NO;
				CURRENT_PROJECT_VERSION = 1;
				DEBUG_INFORMATION_FORMAT = dwarf;
				ENABLE_STRICT_OBJC_MSGSEND = YES;
				ENABLE_TESTABILITY = NO;
				ENABLE_USER_SCRIPT_SANDBOXING = YES;
				GCC_C_LANGUAGE_STANDARD = gnu17;
				GCC_DYNAMIC_NO_PIC = NO;
				GCC_NO_COMMON_BLOCKS = YES;
				GCC_OPTIMIZATION_LEVEL = 0;
				GCC_PREPROCESSOR_DEFINITIONS = (
					"DEBUG=1",
					"$(inherited)",
				);
				GCC_WARN_64_TO_32_BIT_CONVERSION = YES;
				GCC_WARN_ABOUT_RETURN_TYPE = YES_ERROR;
				GCC_WARN_UNDECLARED_SELECTOR = YES;
				GCC_WARN_UNINITIALIZED_AUTOS = YES_AGGRESSIVE;
				GCC_WARN_UNUSED_FUNCTION = YES;
				GCC_WARN_UNUSED_VARIABLE = YES;
				LOCALIZATION_PREFERS_STRING_CATALOGS = YES;
				MACOSX_DEPLOYMENT_TARGET = 14.2;
				MTL_ENABLE_DEBUG_INFO = INCLUDE_SOURCE;
				MTL_FAST_MATH = YES;
				ONLY_ACTIVE_ARCH = YES;
				SDKROOT = macosx;
				VERSIONING_SYSTEM = "apple-generic";
				VERSION_INFO_PREFIX = "";
			};
			name = Debug;
		};
		DE82CE622B4A149500EF0925 /* Release */ = {
			isa = XCBuildConfiguration;
			buildSettings = {
				ALWAYS_SEARCH_USER_PATHS = NO;
				ASSETCATALOG_COMPILER_GENERATE_SWIFT_ASSET_SYMBOL_EXTENSIONS = YES;
				CLANG_ANALYZER_NONNULL = YES;
				CLANG_ANALYZER_NUMBER_OBJECT_CONVERSION = YES_AGGRESSIVE;
				CLANG_CXX_LANGUAGE_STANDARD = "gnu++20";
				CLANG_ENABLE_MODULES = YES;
				CLANG_ENABLE_OBJC_ARC = YES;
				CLANG_ENABLE_OBJC_WEAK = YES;
				CLANG_WARN_BLOCK_CAPTURE_AUTORELEASING = YES;
				CLANG_WARN_BOOL_CONVERSION = YES;
				CLANG_WARN_COMMA = YES;
				CLANG_WARN_CONSTANT_CONVERSION = YES;
				CLANG_WARN_DEPRECATED_OBJC_IMPLEMENTATIONS = YES;
				CLANG_WARN_DIRECT_OBJC_ISA_USAGE = YES_ERROR;
				CLANG_WARN_DOCUMENTATION_COMMENTS = YES;
				CLANG_WARN_EMPTY_BODY = YES;
				CLANG_WARN_ENUM_CONVERSION = YES;
				CLANG_WARN_INFINITE_RECURSION = YES;
				CLANG_WARN_INT_CONVERSION = YES;
				CLANG_WARN_NON_LITERAL_NULL_CONVERSION = YES;
				CLANG_WARN_OBJC_IMPLICIT_RETAIN_SELF = YES;
				CLANG_WARN_OBJC_LITERAL_CONVERSION = YES;
				CLANG_WARN_OBJC_ROOT_CLASS = YES_ERROR;
				CLANG_WARN_QUOTED_INCLUDE_IN_FRAMEWORK_HEADER = YES;
				CLANG_WARN_RANGE_LOOP_ANALYSIS = YES;
				CLANG_WARN_STRICT_PROTOTYPES = YES;
				CLANG_WARN_SUSPICIOUS_MOVE = YES;
				CLANG_WARN_UNGUARDED_AVAILABILITY = YES_AGGRESSIVE;
				CLANG_WARN_UNREACHABLE_CODE = YES;
				CLANG_WARN__DUPLICATE_METHOD_MATCH = YES;
				COPY_PHASE_STRIP = NO;
				CURRENT_PROJECT_VERSION = 1;
				DEBUG_INFORMATION_FORMAT = "dwarf-with-dsym";
				ENABLE_NS_ASSERTIONS = NO;
				ENABLE_STRICT_OBJC_MSGSEND = YES;
				ENABLE_USER_SCRIPT_SANDBOXING = YES;
				GCC_C_LANGUAGE_STANDARD = gnu17;
				GCC_NO_COMMON_BLOCKS = YES;
				GCC_WARN_64_TO_32_BIT_CONVERSION = YES;
				GCC_WARN_ABOUT_RETURN_TYPE = YES_ERROR;
				GCC_WARN_UNDECLARED_SELECTOR = YES;
				GCC_WARN_UNINITIALIZED_AUTOS = YES_AGGRESSIVE;
				GCC_WARN_UNUSED_FUNCTION = YES;
				GCC_WARN_UNUSED_VARIABLE = YES;
				LOCALIZATION_PREFERS_STRING_CATALOGS = YES;
				MACOSX_DEPLOYMENT_TARGET = 14.2;
				MTL_ENABLE_DEBUG_INFO = NO;
				MTL_FAST_MATH = YES;
				SDKROOT = macosx;
				VERSIONING_SYSTEM = "apple-generic";
				VERSION_INFO_PREFIX = "";
			};
			name = Release;
		};
		DE82CE642B4A149500EF0925 /* Debug */ = {
			isa = XCBuildConfiguration;
			buildSettings = {
				CODE_SIGN_STYLE = Automatic;
				COMBINE_HIDPI_IMAGES = YES;
				CURRENT_PROJECT_VERSION = 1;
				DEFINES_MODULE = YES;
				DEVELOPMENT_TEAM = UAVM255T7W;
				DYLIB_COMPATIBILITY_VERSION = 1;
				DYLIB_CURRENT_VERSION = 1;
				DYLIB_INSTALL_NAME_BASE = "@rpath";
				FRAMEWORK_SEARCH_PATHS = "$(PROJECT_DIR)/../../vulkansdk-macos-1.3.268.1/macOS/Frameworks";
				GCC_PREPROCESSOR_DEFINITIONS = (
					"DEBUG=1",
					"$(inherited)",
					VK_USE_PLATFORM_METAL_EXT,
				);
				GENERATE_INFOPLIST_FILE = YES;
				HEADER_SEARCH_PATHS = /usr/local/include;
				INFOPLIST_KEY_NSHumanReadableCopyright = "";
				INSTALL_PATH = "$(LOCAL_LIBRARY_DIR)/Frameworks";
				LD_RUNPATH_SEARCH_PATHS = (
					"$(inherited)",
					"@executable_path/../Frameworks",
					"@loader_path/Frameworks",
				);
				LIBRARY_SEARCH_PATHS = /usr/local/lib;
				MARKETING_VERSION = 1.0;
				MODULE_VERIFIER_SUPPORTED_LANGUAGES = "objective-c objective-c++";
				PRODUCT_BUNDLE_IDENTIFIER = com.icgsmartcosmetics.ganesha;
				PRODUCT_NAME = "$(TARGET_NAME:c99extidentifier)";
				SKIP_INSTALL = YES;
				SWIFT_EMIT_LOC_STRINGS = YES;
			};
			name = Debug;
		};
		DE82CE652B4A149500EF0925 /* Release */ = {
			isa = XCBuildConfiguration;
			buildSettings = {
				CODE_SIGN_STYLE = Automatic;
				COMBINE_HIDPI_IMAGES = YES;
				CURRENT_PROJECT_VERSION = 1;
				DEFINES_MODULE = YES;
				DEVELOPMENT_TEAM = UAVM255T7W;
				DYLIB_COMPATIBILITY_VERSION = 1;
				DYLIB_CURRENT_VERSION = 1;
				DYLIB_INSTALL_NAME_BASE = "@rpath";
				FRAMEWORK_SEARCH_PATHS = "$(PROJECT_DIR)/../../vulkansdk-macos-1.3.268.1/macOS/Frameworks";
				GCC_PREPROCESSOR_DEFINITIONS = VK_USE_PLATFORM_METAL_EXT;
				GENERATE_INFOPLIST_FILE = YES;
				HEADER_SEARCH_PATHS = /usr/local/include;
				INFOPLIST_KEY_NSHumanReadableCopyright = "";
				INSTALL_PATH = "$(LOCAL_LIBRARY_DIR)/Frameworks";
				LD_RUNPATH_SEARCH_PATHS = (
					"$(inherited)",
					"@executable_path/../Frameworks",
					"@loader_path/Frameworks",
				);
				LIBRARY_SEARCH_PATHS = /usr/local/lib;
				MARKETING_VERSION = 1.0;
				MODULE_VERIFIER_SUPPORTED_LANGUAGES = "objective-c objective-c++";
				PRODUCT_BUNDLE_IDENTIFIER = com.icgsmartcosmetics.ganesha;
				PRODUCT_NAME = "$(TARGET_NAME:c99extidentifier)";
				SKIP_INSTALL = YES;
				SWIFT_EMIT_LOC_STRINGS = YES;
			};
			name = Release;
		};
/* End XCBuildConfiguration section */

/* Begin XCConfigurationList section */
		DE82CE562B4A149500EF0925 /* Build configuration list for PBXProject "ganesha" */ = {
			isa = XCConfigurationList;
			buildConfigurations = (
				DE82CE612B4A149500EF0925 /* Debug */,
				DE82CE622B4A149500EF0925 /* Release */,
			);
			defaultConfigurationIsVisible = 0;
			defaultConfigurationName = Release;
		};
		DE82CE632B4A149500EF0925 /* Build configuration list for PBXNativeTarget "ganesha" */ = {
			isa = XCConfigurationList;
			buildConfigurations = (
				DE82CE642B4A149500EF0925 /* Debug */,
				DE82CE652B4A149500EF0925 /* Release */,
			);
			defaultConfigurationIsVisible = 0;
			defaultConfigurationName = Release;
		};
/* End XCConfigurationList section */
	};
	rootObject = DE82CE532B4A149500EF0925 /* Project object */;
}
